[[package]]
category = "main"
description = "Async http client/server framework (asyncio)"
name = "aiohttp"
optional = false
platform = "*"
python-versions = ">=3.5.3"
version = "3.3.2"

[package.dependencies]
async-timeout = ">=3.0,<4.0"
attrs = ">=17.3.0"
chardet = ">=2.0,<4.0"
idna-ssl = ">=1.0"
multidict = ">=4.0,<5.0"
yarl = ">=1.0,<2.0"

[[package]]
category = "main"
description = "Radically simple IT automation"
name = "ansible"
optional = false
platform = "*"
python-versions = ">=2.6,!=3.0.*,!=3.1.*,!=3.2.*,!=3.3.*,!=3.4.*"
version = "2.6.2"

[[package]]
category = "main"
description = "Fast ASN.1 parser and serializer with definitions for private keys, public keys, certificates, CRL, OCSP, CMS, PKCS#3, PKCS#7, PKCS#8, PKCS#12, PKCS#5, X.509 and TSP"
name = "asn1crypto"
optional = false
platform = "*"
python-versions = "*"
version = "0.24.0"

[[package]]
category = "main"
description = "Timeout context manager for asyncio programs"
name = "async-timeout"
optional = false
platform = "*"
python-versions = ">=3.5.3"
version = "3.0.0"

[[package]]
category = "main"
description = "AsyncSSH: Asynchronous SSHv2 client and server library"
name = "asyncssh"
optional = false
platform = "Any"
python-versions = "*"
version = "1.13.3"

[package.dependencies]
cryptography = ">=1.5"

[[package]]
category = "main"
description = "Classes Without Boilerplate"
name = "attrs"
optional = false
platform = "*"
python-versions = "*"
version = "18.1.0"

[[package]]
category = "main"
description = "Modern password hashing for your software and your servers"
name = "bcrypt"
optional = false
platform = "*"
python-versions = "*"
version = "3.1.4"

[package.dependencies]
cffi = ">=1.1"
six = ">=1.4.1"

[[package]]
category = "main"
description = "Python package for providing Mozilla's CA Bundle."
name = "certifi"
optional = false
platform = "*"
python-versions = "*"
version = "2018.4.16"

[[package]]
category = "main"
description = "Foreign Function Interface for Python calling C code."
name = "cffi"
optional = false
platform = "*"
python-versions = "*"
version = "1.11.5"

[package.dependencies]
pycparser = "*"

[[package]]
category = "main"
description = "Universal encoding detector for Python 2 and 3"
name = "chardet"
optional = false
platform = "*"
python-versions = "*"
version = "3.0.4"

[[package]]
category = "main"
description = "cryptography is a package which provides cryptographic recipes and primitives to Python developers."
name = "cryptography"
optional = false
platform = "*"
python-versions = ">=2.7,!=3.0.*,!=3.1.*,!=3.2.*,!=3.3.*"
version = "2.3"

[package.dependencies]
asn1crypto = ">=0.21.0"
cffi = ">=1.7,<1.11.3 || >1.11.3"
idna = ">=2.1"
six = ">=1.4.1"

[[package]]
category = "main"
description = "Python 3.4 Enum backported to 3.3, 3.2, 3.1, 2.7, 2.6, 2.5, and 2.4"
name = "enum34"
optional = false
platform = "UNKNOWN"
python-versions = "*"
version = "1.1.6"

[[package]]
category = "main"
description = "Internationalized Domain Names in Applications (IDNA)"
name = "idna"
optional = false
platform = "*"
python-versions = "*"
version = "2.7"

[[package]]
category = "main"
description = "Patch ssl.match_hostname for Unicode(idna) domains support"
name = "idna-ssl"
optional = false
platform = "*"
python-versions = "*"
version = "1.1.0"

[package.dependencies]
idna = ">=2.0"

[[package]]
category = "main"
description = "IPv4/IPv6 manipulation library"
name = "ipaddress"
optional = false
platform = "*"
python-versions = "*"
version = "1.0.22"

[[package]]
category = "main"
description = "A small but fast and easy to use stand-alone template engine written in pure python."
name = "jinja2"
optional = false
platform = "*"
python-versions = "*"
version = "2.10"

[package.dependencies]
MarkupSafe = ">=0.23"

[[package]]
category = "main"
description = "Junos 'EZ' automation for non-programmers"
name = "junos-eznc"
optional = false
platform = "*"
python-versions = "*"
version = "2.1.8"

[package.dependencies]
PyYAML = ">=3.10"
jinja2 = ">=2.7.1"
lxml = ">=3.2.4"
ncclient = ">=0.5.3"
netaddr = "*"
paramiko = ">=1.15.2"
pyserial = "*"
scp = ">=0.7.0"
six = "*"

[[package]]
category = "main"
description = "Powerful and Pythonic XML processing library combining libxml2/libxslt with the ElementTree API."
name = "lxml"
optional = false
platform = "*"
python-versions = "*"
version = "4.2.3"

[[package]]
category = "main"
description = "Implements a XML/HTML/XHTML Markup safe string for Python"
name = "markupsafe"
optional = false
platform = "UNKNOWN"
python-versions = "*"
version = "1.0"

[[package]]
category = "main"
description = "multidict implementation"
name = "multidict"
optional = false
platform = "*"
python-versions = ">=3.4.1"
version = "4.3.1"

[[package]]
category = "main"
description = "Python library for NETCONF clients"
name = "ncclient"
optional = false
platform = "Posix; OS X; Windows"
python-versions = ">=2.7, !=3.0.*, !=3.1.*, !=3.2.*, !=3.3.*"
version = "0.6.0"

[package.dependencies]
lxml = ">=3.3.0"
paramiko = ">=1.15.0"
setuptools = ">0.6"
six = "*"

[[package]]
category = "main"
description = "A network address manipulation library for Python"
name = "netaddr"
optional = false
platform = "OS Independent"
python-versions = "*"
version = "0.7.19"

[[package]]
category = "main"
description = "Asynchronous multi-vendor library for interacting with network devices"
name = "netdev"
optional = false
platform = "*"
python-versions = "*"
version = "0.9.0"

[package.dependencies]
asyncssh = ">=1.6.2"
pyyaml = "*"

[[package]]
category = "main"
description = "Multi-vendor library to simplify Paramiko SSH connections to network devices"
name = "netmiko"
optional = false
platform = "*"
python-versions = "*"
version = "2.2.2"

[package.dependencies]
enum34 = "*"
ipaddress = "*"
paramiko = ">=2.0.0"
pyserial = "*"
pyyaml = "*"
scp = ">=0.10.0"
textfsm = "*"

[[package]]
category = "main"
description = "SSH2 protocol library"
name = "paramiko"
optional = false
platform = "Posix; MacOS X; Windows"
python-versions = "*"
version = "2.4.1"

[package.dependencies]
bcrypt = ">=3.1.3"
cryptography = ">=1.5"
pyasn1 = ">=0.1.7"
pynacl = ">=1.0.1"

[[package]]
category = "main"
description = "ASN.1 types and codecs"
name = "pyasn1"
optional = false
platform = "any"
python-versions = "*"
version = "0.4.4"

[[package]]
category = "main"
description = "C parser in Python"
name = "pycparser"
optional = false
platform = "Cross Platform"
python-versions = "*"
version = "2.18"

[[package]]
category = "main"
description = "Python binding to the Networking and Cryptography (NaCl) library"
name = "pynacl"
optional = false
platform = "*"
python-versions = "*"
version = "1.2.1"

[package.dependencies]
cffi = ">=1.4.1"
six = "*"

[[package]]
category = "main"
description = "Python Serial Port Extension"
name = "pyserial"
optional = false
platform = "any"
python-versions = "*"
version = "3.4"

[[package]]
category = "main"
description = "Strict separation of settings from code."
name = "python-decouple"
optional = false
platform = "any"
python-versions = "*"
version = "3.1"

[[package]]
category = "main"
description = "YAML parser and emitter for Python"
name = "pyyaml"
optional = false
platform = "Any"
python-versions = "*"
version = "3.13"

[[package]]
category = "main"
description = "Python HTTP for Humans."
name = "requests"
optional = false
platform = "*"
python-versions = ">=2.6, !=3.0.*, !=3.1.*, !=3.2.*, !=3.3.*"
version = "2.19.1"

[package.dependencies]
certifi = ">=2017.4.17"
chardet = ">=3.0.2,<3.1.0"
idna = ">=2.5,<2.8"
urllib3 = ">=1.21.1,<1.24"

[[package]]
category = "main"
description = "ruamel.yaml is a YAML parser/emitter that supports roundtrip preservation of comments, seq/map flow style, and map key order"
name = "ruamel.yaml"
optional = false
platform = "*"
python-versions = "*"
version = "0.15.46"

[[package]]
category = "main"
description = "scp module for paramiko"
name = "scp"
optional = false
platform = "*"
python-versions = "*"
version = "0.11.0"

[package.dependencies]
paramiko = "*"

[[package]]
category = "main"
description = "Python 2 and 3 compatibility utilities"
name = "six"
optional = false
platform = "*"
python-versions = "*"
version = "1.11.0"

[[package]]
category = "main"
description = "Python module for parsing semi-structured text into python tables."
name = "textfsm"
optional = false
platform = "*"
python-versions = "*"
version = "0.4.1"

[[package]]
category = "main"
description = "HTTP library with thread-safe connection pooling, file post, and more."
name = "urllib3"
optional = false
platform = "*"
python-versions = ">=2.6, !=3.0.*, !=3.1.*, !=3.2.*, !=3.3.*, <4"
version = "1.23"

[[package]]
category = "main"
description = "Makes working with XML feel like you are working with JSON"
name = "xmltodict"
optional = false
platform = "all"
python-versions = "*"
version = "0.11.0"

[[package]]
category = "main"
description = "Yet another URL library"
name = "yarl"
optional = false
platform = "*"
python-versions = ">=3.5.3"
version = "1.2.6"

[package.dependencies]
idna = ">=2.0"
multidict = ">=4.0"

[metadata]
content-hash = "6741bd3d8d3fb8c19b6f05ad23a8e1d2cb132381d735f17e48e3ea62b8e01b47"
platform = "*"
python-versions = ">3.6"

[metadata.hashes]
aiohttp = ["1a112a1fdf3802b7f2b182e22e51d71e4a8fa7387d0d38e79a268921b869e384", "33aa7c937ebaf063a860cbb0c263a771b33333a84965c6148eeafe64fb4e29ca", "550b4a0788500f6d00f41b7fdd9fcce6d78f99706a7b2f6f81d4d331c7ca468e", "601e8e83123b4d423a9dfddf7d6943f4f520651a78ffcd50c99d065136c7ff7b", "620f19ba7628b70b177f5c2e6a55a6fd6e7c8591cde38c3f8f52551733d31b66", "70d56c784da1239c89d39fefa166fd429306dada641178389be4184a9c04e501", "7de2c9e445a5d257935011268202338538abef1aaff341a4733eca56419ca6f6", "96bb80b659cc2bafa160f3f0c346ce7fc10de1ffec4908d7f9690797f155f658", "ae7501cc6a6c37b8d4774bf2218c37be47fe42019a2570e8510fc2044e59d573", "c833aa6f4c9ac3e3eb843e3d999bae51339ad33a937303f43ce78064e61cb4b6", "dd81d85a342edf3d2a388e2f24d9facebc9c04550043888f970ee2f228c93059", "f20deec7a3fbaec7b5eb7ad99878427ad2ee4cc16a46732b705e8121cbb3cc12", "f52e7287eb9286a1e91e4c67c207c2573147fbaddc68f70efb5aeee5d1992f2e", "fe7b2972ff7e779e812f974aa5695edc328ecf559ceeea887ac46f06f090ad4c", "ff1447c84a02b9cd5dd3a9332d1fb181a4386c3625765bb5caf1cfbc210ab3f9"]
ansible = ["747e4cca09c10833ffe3a7c53af310d2d387bd4f499ec6e1bde60662606aaff8"]
asn1crypto = ["2f1adbb7546ed199e3c90ef23ec95c5cf3585bac7d11fb7eb562a3fe89c64e87", "9d5c20441baf0cb60a4ac34cc447c6c189024b6b4c6cd7877034f4965c464e49"]
async-timeout = ["474d4bc64cee20603e225eb1ece15e248962958b45a3648a9f5cc29e827a610c", "b3c0ddc416736619bd4a95ca31de8da6920c3b9a140c64dbef2b2fa7bf521287"]
asyncssh = ["528a121f6f8c2cb8f8a1f8a57405f3d14a216d6f075535862025337318420262", "eb5b190badc5cd2a506a1b6ced3e92f948166974eef7d1abab61acc67aa379e6"]
attrs = ["4b90b09eeeb9b88c35bc642cbac057e45a5fd85367b985bd2809c62b7b939265", "e0d0eb91441a3b53dab4d9b743eafc1ac44476296a2053b6ca3af0b139faf87b"]
bcrypt = ["01477981abf74e306e8ee31629a940a5e9138de000c6b0898f7f850461c4a0a5", "054d6e0acaea429e6da3613fcd12d05ee29a531794d96f6ab959f29a39f33391", "0872eeecdf9a429c1420158500eedb323a132bc5bf3339475151c52414729e70", "09a3b8c258b815eadb611bad04ca15ec77d86aa9ce56070e1af0d5932f17642a", "0f317e4ffbdd15c3c0f8ab5fbd86aa9aabc7bea18b5cc5951b456fe39e9f738c", "2788c32673a2ad0062bea850ab73cffc0dba874db10d7a3682b6f2f280553f20", "321d4d48be25b8d77594d8324c0585c80ae91ac214f62db9098734e5e7fb280f", "346d6f84ff0b493dbc90c6b77136df83e81f903f0b95525ee80e5e6d5e4eef84", "34dd60b90b0f6de94a89e71fcd19913a30e83091c8468d0923a93a0cccbfbbff", "3b4c23300c4eded8895442c003ae9b14328ae69309ac5867e7530de8bdd7875d", "43d1960e7db14042319c46925892d5fa99b08ff21d57482e6f5328a1aca03588", "49e96267cd9be55a349fd74f9852eb9ae2c427cd7f6455d0f1765d7332292832", "63e06ffdaf4054a89757a3a1ab07f1b922daf911743114a54f7c561b9e1baa58", "67ed1a374c9155ec0840214ce804616de49c3df9c5bc66740687c1c9b1cd9e8d", "6b662a5669186439f4f583636c8d6ea77cf92f7cfe6aae8d22edf16c36840574", "6efd9ca20aefbaf2e7e6817a2c6ed4a50ff6900fafdea1bcb1d0e9471743b144", "8569844a5d8e1fdde4d7712a05ab2e6061343ac34af6e7e3d7935b2bd1907bfd", "8629ea6a8a59f865add1d6a87464c3c676e60101b8d16ef404d0a031424a8491", "988cac675e25133d01a78f2286189c1f01974470817a33eaf4cfee573cfb72a5", "9a6fedda73aba1568962f7543a1f586051c54febbc74e87769bad6a4b8587c39", "9eced8962ce3b7124fe20fd358cf8c7470706437fa064b9874f849ad4c5866fc", "a005ed6163490988711ff732386b08effcbf8df62ae93dd1e5bda0714fad8afb", "ae35dbcb6b011af6c840893b32399252d81ff57d52c13e12422e16b5fea1d0fb", "b1e8491c6740f21b37cca77bc64677696a3fb9f32360794d57fa8477b7329eda", "c906bdb482162e9ef48eea9f8c0d967acceb5c84f2d25574c7d2a58d04861df1", "cb18ffdc861dbb244f14be32c47ab69604d0aca415bee53485fcea4f8e93d5ef", "cc2f24dc1c6c88c56248e93f28d439ee4018338567b0bbb490ea26a381a29b1e", "d860c7fff18d49e20339fc6dffc2d485635e36d4b2cccf58f45db815b64100b4", "d86da365dda59010ba0d1ac45aa78390f56bf7f992e65f70b3b081d5e5257b09", "e22f0997622e1ceec834fd25947dc2ee2962c2133ea693d61805bc867abaf7ea", "f2fe545d27a619a552396533cddf70d83cecd880a611cdfdbb87ca6aec52f66b", "f425e925485b3be48051f913dbe17e08e8c48588fdf44a26b8b14067041c0da6", "f7fd3ed3745fe6e81e28dc3b3d76cce31525a91f32a387e1febd6b982caf8cdb", "f9210820ee4818d84658ed7df16a7f30c9fba7d8b139959950acef91745cc0f7"]
certifi = ["13e698f54293db9f89122b0581843a782ad0934a4fe0172d2a980ba77fc61bb7", "9fa520c1bacfb634fa7af20a76bcbd3d5fb390481724c597da32c719a7dca4b0"]
cffi = ["151b7eefd035c56b2b2e1eb9963c90c6302dc15fbd8c1c0a83a163ff2c7d7743", "1553d1e99f035ace1c0544050622b7bc963374a00c467edafac50ad7bd276aef", "1b0493c091a1898f1136e3f4f991a784437fac3673780ff9de3bcf46c80b6b50", "2ba8a45822b7aee805ab49abfe7eec16b90587f7f26df20c71dd89e45a97076f", "3bb6bd7266598f318063e584378b8e27c67de998a43362e8fce664c54ee52d30", "3c85641778460581c42924384f5e68076d724ceac0f267d66c757f7535069c93", "3eb6434197633b7748cea30bf0ba9f66727cdce45117a712b29a443943733257", "495c5c2d43bf6cebe0178eb3e88f9c4aa48d8934aa6e3cddb865c058da76756b", "4c91af6e967c2015729d3e69c2e51d92f9898c330d6a851bf8f121236f3defd3", "57b2533356cb2d8fac1555815929f7f5f14d68ac77b085d2326b571310f34f6e", "770f3782b31f50b68627e22f91cb182c48c47c02eb405fd689472aa7b7aa16dc", "79f9b6f7c46ae1f8ded75f68cf8ad50e5729ed4d590c74840471fc2823457d04", "7a33145e04d44ce95bcd71e522b478d282ad0eafaf34fe1ec5bbd73e662f22b6", "857959354ae3a6fa3da6651b966d13b0a8bed6bbc87a0de7b38a549db1d2a359", "87f37fe5130574ff76c17cab61e7d2538a16f843bb7bca8ebbc4b12de3078596", "95d5251e4b5ca00061f9d9f3d6fe537247e145a8524ae9fd30a2f8fbce993b5b", "9d1d3e63a4afdc29bd76ce6aa9d58c771cd1599fbba8cf5057e7860b203710dd", "a36c5c154f9d42ec176e6e620cb0dd275744aa1d804786a71ac37dc3661a5e95", "a6a5cb8809091ec9ac03edde9304b3ad82ad4466333432b16d78ef40e0cce0d5", "ae5e35a2c189d397b91034642cb0eab0e346f776ec2eb44a49a459e6615d6e2e", "b0f7d4a3df8f06cf49f9f121bead236e328074de6449866515cea4907bbc63d6", "b75110fb114fa366b29a027d0c9be3709579602ae111ff61674d28c93606acca", "ba5e697569f84b13640c9e193170e89c13c6244c24400fc57e88724ef610cd31", "be2a9b390f77fd7676d80bc3cdc4f8edb940d8c198ed2d8c0be1319018c778e1", "ca1bd81f40adc59011f58159e4aa6445fc585a32bb8ac9badf7a2c1aa23822f2", "d5d8555d9bfc3f02385c1c37e9f998e2011f0db4f90e250e5bc0c0a85a813085", "e55e22ac0a30023426564b1059b035973ec82186ddddbac867078435801c7801", "e90f17980e6ab0f3c2f3730e56d1fe9bcba1891eeea58966e89d352492cc74f4", "ecbb7b01409e9b782df5ded849c178a0aa7c906cf8c5a67368047daab282b184", "ed01918d545a38998bfa5902c7c00e0fee90e957ce036a4000a88e3fe2264917", "edabd457cd23a02965166026fd9bfd196f4324fe6032e866d0f3bd0301cd486f", "fdf1c1dc5bafc32bc5d08b054f94d659422b05aba244d6be4ddc1c72d9aa70fb"]
chardet = ["84ab92ed1c4d4f16916e05906b6b75a6c0fb5db821cc65e70cbd64a3e2a5eaae", "fc323ffcaeaed0e0a02bf4d117757b98aed530d9ed4531e3e15460124c106691"]
cryptography = ["21af753934f2f6d1a10fe8f4c0a64315af209ef6adeaee63ca349797d747d687", "27bb401a20a838d6d0ea380f08c6ead3ccd8c9d8a0232dc9adcc0e4994576a66", "29720c4253263cff9aea64585adbbe85013ba647f6e98367efff9db2d7193ded", "2a35b7570d8f247889784010aac8b384fd2e4a47b33e15c4a60b45a7c1944120", "42c531a6a354407f42ee07fda5c2c0dc822cf6d52744949c182f2b295fbd4183", "5eb86f03f9c4f0ac2336ac5431271072ddf7ecc76b338e26366732cfac58aa19", "67f7f57eae8dede577f3f7775957f5bec93edd6bdb6ce597bb5b28e1bdf3d4fb", "6ec84edcbc966ae460560a51a90046503ff0b5b66157a9efc61515c68059f6c8", "7ba834564daef87557e7fcd35c3c3183a4147b0b3a57314e53317360b9b201b3", "7d7f084cbe1fdb82be5a0545062b59b1ad3637bc5a48612ac2eb428ff31b31ea", "82409f5150e529d699e5c33fa8fd85e965104db03bc564f5f4b6a9199e591f7c", "87d092a7c2a44e5f7414ab02fb4145723ebba411425e1a99773531dd4c0e9b8d", "8c56ef989342e42b9fcaba7c74b446f0cc9bed546dd00034fa7ad66fc00307ef", "9449f5d4d7c516a6118fa9210c4a00f34384cb1d2028672100ee0c6cce49d7f6", "bc2301170986ad82d9349a91eb8884e0e191209c45f5541b16aa7c0cfb135978", "c132bab45d4bd0fff1d3fe294d92b0a6eb8404e93337b3127bdec9f21de117e6", "c3d945b7b577f07a477700f618f46cbc287af3a9222cd73035c6ef527ef2c363", "cee18beb4c807b5c0b178f4fa2fae03cef9d51821a358c6890f8b23465b7e5d2", "d01dfc5c2b3495184f683574e03c70022674ca9a7be88589c5aba130d835ea90"]
enum34 = ["2d81cbbe0e73112bdfe6ef8576f2238f2ba27dd0d55752a776c41d38b7da2850", "644837f692e5f550741432dd3f223bbb9852018674981b1664e5dc339387588a", "6bd0f6ad48ec2aa117d3d141940d484deccda84d4fcd884f5c3d93c23ecd8c79", "8ad8c4783bf61ded74527bffb48ed9b54166685e4230386a9ed9b1279e2df5b1"]
idna = ["156a6814fb5ac1fc6850fb002e0852d56c0c8d2531923a51032d1b70760e186e", "684a38a6f903c1d71d6d5fac066b58d7768af4de2b832e426ec79c30daa94a16"]
idna-ssl = ["a933e3bb13da54383f9e8f35dc4f9cb9eb9b3b78c6b36f311254d6d0d92c6c7c"]
ipaddress = ["64b28eec5e78e7510698f6d4da08800a5c575caa4a286c93d651c5d3ff7b6794", "b146c751ea45cad6188dd6cf2d9b757f6f4f8d6ffb96a023e6f2e26eea02a72c"]
jinja2 = ["74c935a1b8bb9a3947c50a54766a969d4846290e1e788ea44c1392163723c3bd", "f84be1bb0040caca4cea721fcbbbbd61f9be9464ca236387158b0feea01914a4"]
junos-eznc = ["62996bfd5975d97cf624f33b86406cf0c3505b53ad8223ab5f9bb0ac2549f6a1", "daa62e5abfc66ef12e4fb43a1c264673e662e6f2d937cd10666c1c6dcf2ac6ac"]
lxml = ["0941f4313208c07734410414d8308812b044fd3fb98573454e3d3a0d2e201f3d", "0b18890aa5730f9d847bc5469e8820f782d72af9985a15a7552109a86b01c113", "21f427945f612ac75576632b1bb8c21233393c961f2da890d7be3927a4b6085f", "24cf6f622a4d49851afcf63ac4f0f3419754d4e98a7a548ab48dd03c635d9bd3", "2dc6705486b8abee1af9e2a3761e30a3cb19e8276f20ca7e137ee6611b93707c", "2e43b2e5b7d2b9abe6e0301eef2c2c122ab45152b968910eae68bdee2c4cfae0", "329a6d8b6d36f7d6f8b6c6a1db3b2c40f7e30a19d3caf62023c9d6a677c1b5e1", "423cde55430a348bda6f1021faad7235c2a95a6bdb749e34824e5758f755817a", "4651ea05939374cfb5fe87aab5271ed38c31ea47997e17ec3834b75b94bd9f15", "4be3bbfb2968d7da6e5c2cd4104fc5ec1caf9c0794f6cae724da5a53b4d9f5a3", "622f7e40faef13d232fb52003661f2764ce6cdef3edb0a59af7c1559e4cc36d1", "664dfd4384d886b239ef0d7ee5cff2b463831079d250528b10e394a322f141f9", "697c0f58ac637b11991a1bc92e07c34da4a72e2eda34d317d2c1c47e2f24c1b3", "6ec908b4c8a4faa7fe1a0080768e2ce733f268b287dfefb723273fb34141475f", "7ec3fe795582b75bb49bb1685ffc462dbe38d74312dac07ce386671a28b5316b", "8c39babd923c431dcf1e5874c0f778d3a5c745a62c3a9b6bd755efd489ee8a1d", "949ca5bc56d6cb73d956f4862ba06ad3c5d2808eac76304284f53ae0c8b2334a", "9f0daddeefb0791a600e6195441910bdf01eac470be596b9467e6122b51239a6", "a359893b01c30e949eae0e8a85671a593364c9f0b8162afe0cb97317af0953bf", "ad5d5d8efed59e6b1d4c50c1eac59fb6ecec91b2073676af1e15fc4d43e9b6c5", "bc1a36f95a6b3667c09b34995fc3a46a82e4cf0dc3e7ab281e4c77b15bd7af05", "be37b3f55b6d7d923f43bf74c356fc1878eb36e28505f38e198cb432c19c7b1a", "c45bca5e544eb75f7500ffd730df72922eb878a2f0213b0dc5a5f357ded3a85d", "ccee7ebbb4735ebc341d347fca9ee09f2fa6c0580528c1414bc4e1d31372835c", "dc62c0840b2fc7753550b40405532a3e125c0d3761f34af948873393aa688160", "f7d9d5aa1c7e54167f1a3cba36b5c52c7c540f30952c9bd7d9302a1eda318424"]
markupsafe = ["a6be69091dac236ea9c6bc7d012beab42010fa914c459791d627dad4910eb665"]
multidict = ["1a1d76374a1e7fe93acef96b354a03c1d7f83e7512e225a527d283da0d7ba5e0", "1d6e191965505652f194bc4c40270a842922685918a4f45e6936a6b15cc5816d", "295961a6a88f1199e19968e15d9b42f3a191c89ec13034dbc212bf9c394c3c82", "2be5af084de6c3b8e20d6421cb0346378a9c867dcf7c86030d6b0b550f9888e4", "2eb99617c7a0e9f2b90b64bc1fb742611718618572747d6f3d6532b7b78755ab", "4ba654c6b5ad1ae4a4d792abeb695b29ce981bb0f157a41d0fd227b385f2bef0", "5ba766433c30d703f6b2c17eb0b6826c6f898e5f58d89373e235f07764952314", "a59d58ee85b11f337b54933e8d758b2356fcdcc493248e004c9c5e5d11eedbe4", "a6e35d28900cf87bcc11e6ca9e474db0099b78f0be0a41d95bef02d49101b5b2", "b4df7ca9c01018a51e43937eaa41f2f5dce17a6382fda0086403bcb1f5c2cf8e", "bbd5a6bffd3ba8bfe75b16b5e28af15265538e8be011b0b9fddc7d86a453fd4a", "d870f399fcd58a1889e93008762a3b9a27cf7ea512818fc6e689f59495648355", "e9404e2e19e901121c3c5c6cffd5a8ae0d1d67919c970e3b3262231175713068"]
ncclient = ["da7f7dfb8a60711610139e894b41ebcab3cd7103b78439ad5e9e91c2d3cfa423"]
netaddr = ["38aeec7cdd035081d3a4c306394b19d677623bf76fa0913f6695127c7753aefd", "56b3558bd71f3f6999e4c52e349f38660e54a7a8a9943335f73dfc96883e08ca"]
netdev = ["20f4b6957ac0be143e8e253616b6fc93c4cb89433ac0676fd3fd6d1d457dfbba", "c9137d6b5d08acfe0782d3dbd2b47c1b341c622e3b3228cbf3f199472da91809"]
netmiko = ["7066d63e47c5a9928d7a011a76502df45ebce7eeaed4951cc5263459d50116d4"]
paramiko = ["24fb31c947de85fbdeca09e222d41206781581fb0bdf118d2ef18f6e414cd388", "33e36775a6c71790ba7692a73f948b329cf9295a72b0102144b031114bd2a4f3"]
pyasn1 = ["0ad0fe0593dde1e599cac0bf65bb1a4ec663032f0bc68ee44850db4251e8c501", "13794d835643ee970b2c059dbfe4eb5d751e16c693c8baee61c526abd209e5c7", "49a8ed515f26913049113820b462f698e6ed26df62c389dafb6fa3685ddca8de", "74ac8521a0480f228549be20bea555ae35678f0e754c2fbc6f1576b0959bec43", "89399ca8ecd4524f974e926d4ef9e7a787903e01f0a9cdff3131ad1361792fe5", "8f291e0338d519a1a0d07f0b9d03c9265f6be26eb32fdd21af6d3259d14ea49c", "b9d3abc5031e61927c82d4d96c1cec1e55676c1a991623cfed28faea73cdd7ca", "d3bbd726c1a760d4ca596a4d450c380b81737612fe0182f5bb3caebc17461fd9", "dea873d6c907c1cf1341fd88742a61efce33227d7743cb37564ab7d7e77dd9fd", "ded5eea5cb88bc1ce9aa074b5a3092f95ce4741887e317e9b49c7ece75d7ea0e", "e8b69ea2200d42201cbedd486eedb8980f320d4534f83ce2fb468e96aa5545d0", "edad117649643230493aeb4955456ce19ab4b12e94489dde6f7094cdb5a3c87e", "f58f2a3d12fd754aa123e9fa74fb7345333000a035f3921dbdaa08597aa53137"]
pycparser = ["99a8ca03e29851d96616ad0404b4aad7d9ee16f25c9f9708a11faf2810f7b226"]
pynacl = ["04e30e5bdeeb2d5b34107f28cd2f5bbfdc6c616f3be88fc6f53582ff1669eeca", "0bfa0d94d2be6874e40f896e0a67e290749151e7de767c5aefbad1121cad7512", "11aa4e141b2456ce5cecc19c130e970793fa3a2c2e6fbb8ad65b28f35aa9e6b6", "13bdc1fe084ff9ac7653ae5a924cae03bf4bb07c6667c9eb5b6eb3c570220776", "14339dc233e7a9dda80a3800e64e7ff89d0878ba23360eea24f1af1b13772cac", "1d33e775fab3f383167afb20b9927aaf4961b953d76eeb271a5703a6d756b65b", "2a42b2399d0428619e58dac7734838102d35f6dcdee149e0088823629bf99fbb", "2dce05ac8b3c37b9e2f65eab56c544885607394753e9613fd159d5e2045c2d98", "63cfccdc6217edcaa48369191ae4dca0c390af3c74f23c619e954973035948cd", "6453b0dae593163ffc6db6f9c9c1597d35c650598e2c39c0590d1757207a1ac2", "73a5a96fb5fbf2215beee2353a128d382dbca83f5341f0d3c750877a236569ef", "8abb4ef79161a5f58848b30ab6fb98d8c466da21fdd65558ce1d7afc02c70b5f", "8ac1167195b32a8755de06efd5b2d2fe76fc864517dab66aaf65662cc59e1988", "8f505f42f659012794414fa57c498404e64db78f1d98dfd40e318c569f3c783b", "9c8a06556918ee8e3ab48c65574f318f5a0a4d31437fc135da7ee9d4f9080415", "a1e25fc5650cf64f01c9e435033e53a4aca9de30eb9929d099f3bb078e18f8f2", "be71cd5fce04061e1f3d39597f93619c80cdd3558a6c9ba99a546f144a8d8101", "c5b1a7a680218dee9da0f1b5e24072c46b3c275d35712bc1d505b85bb03441c0", "cb785db1a9468841a1265c9215c60fe5d7af2fb1b209e3316a152704607fc582", "cf6877124ae6a0698404e169b3ba534542cfbc43f939d46b927d956daf0a373a", "d0eb5b2795b7ee2cbcfcadacbe95a13afbda048a262bd369da9904fecb568975", "d3a934e2b9f20abac009d5b6951067cfb5486889cb913192b4d8288b216842f1", "d795f506bcc9463efb5ebb0f65ed77921dcc9e0a50499dedd89f208445de9ecb", "d8aaf7e5d6b0e0ef7d6dbf7abeb75085713d0100b4eb1a4e4e857de76d77ac45", "de2aaca8386cf4d70f1796352f2346f48ddb0bed61dc43a3ce773ba12e064031", "e0d38fa0a75f65f556fb912f2c6790d1fa29b7dd27a1d9cc5591b281321eaaa9", "eb2acabbd487a46b38540a819ef67e477a674481f84a82a7ba2234b9ba46f752", "eeee629828d0eb4f6d98ac41e9a3a6461d114d1d0aa111a8931c049359298da0", "f5836463a3c0cca300295b229b6c7003c415a9d11f8f9288ddbd728e2746524c", "f5ce9e26d25eb0b2d96f3ef0ad70e1d3ae89b5d60255c462252a3e456a48c053", "fabf73d5d0286f9e078774f3435601d2735c94ce9e514ac4fb945701edead7e4"]
pyserial = ["6e2d401fdee0eab996cf734e67773a0143b932772ca8b42451440cfed942c627", "e0770fadba80c31013896c7e6ef703f72e7834965954a78e71a3049488d4d7d8"]
python-decouple = ["1317df14b43efee4337a4aa02914bf004f010cd56d6c4bd894e6474ec8c4fe2d"]
pyyaml = ["3d7da3009c0f3e783b2c873687652d83b1bbfd5c88e9813fb7e5b03c0dd3108b", "3ef3092145e9b70e3ddd2c7ad59bdd0252a94dfe3949721633e41344de00a6bf", "40c71b8e076d0550b2e6380bada1f1cd1017b882f7e16f09a65be98e017f211a", "558dd60b890ba8fd982e05941927a3911dc409a63dcb8b634feaa0cda69330d3", "a7c28b45d9f99102fa092bb213aa12e0aaf9a6a1f5e395d36166639c1f96c3a1", "aa7dd4a6a427aed7df6fb7f08a580d68d9b118d90310374716ae90b710280af1", "bc558586e6045763782014934bfaf39d48b8ae85a2713117d16c39864085c613", "d46d7982b62e0729ad0175a9bc7e10a566fc07b224d2c79fafb5e032727eaa04", "d5eef459e30b09f5a098b9cea68bebfeb268697f78d647bd255a085371ac7f3f", "e01d3203230e1786cd91ccfdc8f8454c8069c91bee3962ad93b87a4b2860f537", "e170a9e6fcfd19021dd29845af83bb79236068bf5fd4df3327c1be18182b2531"]
requests = ["63b52e3c866428a224f97cab011de738c36aec0185aa91cfacd418b5d58911d1", "ec22d826a36ed72a7358ff3fe56cbd4ba69dd7a6718ffd450ff0e9df7a47ce6a"]
"ruamel.yaml" = ["002ccecd78a487e205fd05216b9d645dac2541a4a60d600b3207f196e537d07e", "0f5e77b388ee9a9f7408ddfeebb480d0090ad0dfff4d1d1195996ea48c49d47d", "10ede570c5f4c3cb575fcef98b39ff995ef1ffcc48724f6b9d10bd52d5cc2d8c", "17de22a169560c07d722624410edc7434a226d8330cb55c9ee6c67878db5916f", "2047d90872c88f01b6031b47e2b916d8e0845ffbe2c78ba8395841df090e7603", "499aa7cd2b1f0caae511b766846266911719c1b00dddf282ac5b649a351667d5", "49ea842ce503ecf8d68762cf8110f38aa8c71d143a0043d86d770762a50d9879", "4ce9ca97df5bc48ba2b3ec08bca9a180d550118c2882c0c62cc64809e8d1ef24", "8931d528a8a83f88ed40b264efb725c638a8eff664cfe4e92ddbdf66613e5518", "8f048085a58ca59353c2c283e5f14af387ab6a1a7ae5d6ec26056bc2e7a396f0", "9dabdd59d55a8acc3869397701f9325e396fde1e2b3247411d5a9336e24a9014", "9e87664d8f8d58c0804169ef6be13c7006723ccab54c99199672f0c2957b01dd", "a280e18d7623f10cf3c5c5a085eac7f3754f231091b42bdbb3676a5a96ce0832", "b301b432ced59daa8363528a84c13db3bb513e932b1f48002314254897898888", "b9852bc77f3a305b78f5b4af63e3e30388333fc5f2910d8c508bed324fd719a2", "c24a0eee22b73b91335d971d57a2131ebd68ec9ab961fc2528f18156fa4ad62c", "cb75c69f6d02e8e080fc3a5d24dc7dffed7bde28c072fc098fcb618534d5ae1f", "d172c59575676b28673d206f07c891e93b197bb7a85e4a640168f607c3c7ecb7", "ea6d9f3ef81d009d6921cc79e4b9084f46e7114185f49b197b33882850c46057", "edf5fa31fb95271ea2e96e2b7d8c79b455bee5baf5e1dc814b413ddb301414ae", "f7c908aa7e4cc48176f0cd0a9b3d55bbd34a4a6a52f34db788f3ea3e2b8d1433", "f9fb6cdbda7f43d54be62bed60abc21afa391384be91be30a9fbc8cee9b9cd4f"]
scp = ["5a1b44b3b8d1da27a3592bffebfc717e3c68c9a8bbb87db786b56a3924d2911f", "ea095dd1d0e131874bc9930c3965bce3d1d70be5adb2a30d811fcaea4708a9ee"]
six = ["70e8a77beed4562e7f14fe23a786b54f6296e34344c23bc42f07b15018ff98e9", "832dc0e10feb1aa2c68dcc57dbb658f1c7e65b9b61af69048abc87a2db00a0eb"]
textfsm = ["21a31e212d625d84a8c7a52f35055d536bd3a1c63d3d41ed65ee5d8bd5f29f00"]
urllib3 = ["a68ac5e15e76e7e5dd2b8f94007233e01effe3e50e8daddf69acfd81cb686baf", "b5725a0bd4ba422ab0e66e89e030c806576753ea3ee08554382c14e685d117b5"]
xmltodict = ["8f8d7d40aa28d83f4109a7e8aa86e67a4df202d9538be40c0cb1d70da527b0df", "add07d92089ff611badec526912747cf87afd4f9447af6661aca074eeaf32615"]
yarl = ["2556b779125621b311844a072e0ed367e8409a18fa12cbd68eb1258d187820f9", "4aec0769f1799a9d4496827292c02a7b1f75c0bab56ab2b60dd94ebb57cbd5ee", "55369d95afaacf2fa6b49c84d18b51f1704a6560c432a0f9a1aeb23f7b971308", "6c098b85442c8fe3303e708bbb775afd0f6b29f77612e8892627bcab4b939357", "9182cd6f93412d32e009020a44d6d170d2093646464a88aeec2aef50592f8c78", "c8cbc21bbfa1dd7d5386d48cc814fe3d35b80f60299cdde9279046f399c3b0d8", "db6f70a4b09cde813a4807843abaaa60f3b15fb4a2a06f9ae9c311472662daa1", "f17495e6fe3d377e3faac68121caef6f974fcb9e046bc075bcff40d8e5cc69a4", "f85900b9cca0c67767bb61b2b9bd53208aaa7373dae633dbe25d179b4bf38aa7"]
